
Microsoft Visual Studio Solution File, Format Version 12.00
# Visual Studio 2013
VisualStudioVersion = 12.0.30723.0
MinimumVisualStudioVersion = 10.0.40219.1
Project("{FAE04EC0-301F-11D3-BF4B-00C04F79EFBC}") = "Univercity Project", "Univercity Project\Univercity Project.csproj", "{5C3B2B7A-4838-4697-9F8E-1B577009B830}"
EndProject
Project("{FAE04EC0-301F-11D3-BF4B-00C04F79EFBC}") = "Univercity Project.Models", "Univercity Project.Models\Univercity Project.Models.csproj", "{CBB589EA-B5D5-495E-91C2-2494A1F73D6B}"
EndProject
Global
	GlobalSection(SolutionConfigurationPlatforms) = preSolution
		Debug|Any CPU = Debug|Any CPU
		Release|Any CPU = Release|Any CPU
	EndGlobalSection
	GlobalSection(ProjectConfigurationPlatforms) = postSolution
		{5C3B2B7A-4838-4697-9F8E-1B577009B830}.Debug|Any CPU.ActiveCfg = Release|Any CPU
		{5C3B2B7A-4838-4697-9F8E-1B577009B830}.Debug|Any CPU.Build.0 = Release|Any CPU
		{5C3B2B7A-4838-4697-9F8E-1B577009B830}.Release|Any CPU.ActiveCfg = Release|Any CPU
		{5C3B2B7A-4838-4697-9F8E-1B577009B830}.Release|Any CPU.Build.0 = Release|Any CPU
		{CBB589EA-B5D5-495E-91C2-2494A1F73D6B}.Debug|Any CPU.ActiveCfg = Release|Any CPU
		{CBB589EA-B5D5-495E-91C2-2494A1F73D6B}.Debug|Any CPU.Build.0 = Release|Any CPU
		{CBB589EA-B5D5-495E-91C2-2494A1F73D6B}.Release|Any CPU.ActiveCfg = Release|Any CPU
		{CBB589EA-B5D5-495E-91C2-2494A1F73D6B}.Release|Any CPU.Build.0 = Release|Any CPU
	EndGlobalSection
	GlobalSection(SolutionProperties) = preSolution
		HideSolutionNode = FALSE
	EndGlobalSection
EndGlobal
